{
  "requires": true,
  "lockfileVersion": 1,
  "dependencies": {
    "goober": {
      "version": "2.0.41",
      "resolved": "https://registry.npmjs.org/goober/-/goober-2.0.41.tgz",
      "integrity": "sha512-kwjegMT5018zWydhOQlQneCgCtrKJaPsru7TaBWmTYV0nsMeUrM6L6O8JmNYb9UbPMgWcmtf+9p4Y3oJabIH1A=="
    },
    "lodash.debounce": {
      "version": "4.0.8",
      "resolved": "https://registry.npmjs.org/lodash.debounce/-/lodash.debounce-4.0.8.tgz",
      "integrity": "sha1-gteb/zCmfEAF/9XiUVMArZyk168="
    },
    "lodash.throttle": {
      "version": "4.1.1",
      "resolved": "https://registry.npmjs.org/lodash.throttle/-/lodash.throttle-4.1.1.tgz",
      "integrity": "sha1-wj6RtxAkKscMN/HhzaknTMOb8vQ="
    },
    "react-hot-toast": {
      "version": "2.1.1",
      "resolved": "https://registry.npmjs.org/react-hot-toast/-/react-hot-toast-2.1.1.tgz",
      "integrity": "sha512-Odrp4wue0fHh0pOfZt5H+9nWCMtqs3wdlFSzZPp7qsxfzmbE26QmGWIh6hG43CukiPeOjA8WQhBJU8JwtWvWbQ==",
      "requires": {
        "goober": "^2.0.35"
      }
    },
    "react-lazy-load-image-component": {
      "version": "1.5.1",
      "resolved": "https://registry.npmjs.org/react-lazy-load-image-component/-/react-lazy-load-image-component-1.5.1.tgz",
      "integrity": "sha512-grTEZzURLHPkq7JoipcBBQU44ijdF4fH3Cb+eSD5eSAaMsjugbXqTaVWm5ruPUNLduoNR9KKQF6bOR9h2WphEg==",
      "requires": {
        "lodash.debounce": "^4.0.8",
        "lodash.throttle": "^4.1.1"
      }
    }
  }
}
